
Microsoft Visual Studio Solution File, Format Version 12.00
# Visual Studio Version 16
VisualStudioVersion = 16.0.30011.22
MinimumVisualStudioVersion = 10.0.40219.1
Project("{FAE04EC0-301F-11D3-BF4B-00C04F79EFBC}") = "WebApplication", "WebApplication\WebApplication.csproj", "{E89FEB0E-FB09-47EE-A71A-436217BC382A}"
EndProject
Global
	GlobalSection(SolutionConfigurationPlatforms) = preSolution
		Debug|Any CPU = Debug|Any CPU
		Release|Any CPU = Release|Any CPU
	EndGlobalSection
	GlobalSection(ProjectConfigurationPlatforms) = postSolution
		{E89FEB0E-FB09-47EE-A71A-436217BC382A}.Debug|Any CPU.ActiveCfg = Debug|Any CPU
		{E89FEB0E-FB09-47EE-A71A-436217BC382A}.Debug|Any CPU.Build.0 = Debug|Any CPU
		{E89FEB0E-FB09-47EE-A71A-436217BC382A}.Release|Any CPU.ActiveCfg = Release|Any CPU
		{E89FEB0E-FB09-47EE-A71A-436217BC382A}.Release|Any CPU.Build.0 = Release|Any CPU
	EndGlobalSection
	GlobalSection(SolutionProperties) = preSolution
		HideSolutionNode = FALSE
	EndGlobalSection
	GlobalSection(ExtensibilityGlobals) = postSolution
		SolutionGuid = {4F2892B8-5F3F-45C2-935F-486E0DEBB70C}
	EndGlobalSection
EndGlobal
